// !$*UTF8*$!
{
	archiveVersion = 1;
	classes = {
	};
	objectVersion = 50;
	objects = {

/* Begin PBXBuildFile section */
		6B04F4BD25CB3CF500160279 /* AppDelegate.swift in Sources */ = {isa = PBXBuildFile; fileRef = 6B04F4BC25CB3CF500160279 /* AppDelegate.swift */; };
		6B04F4BF25CB3CF500160279 /* SceneDelegate.swift in Sources */ = {isa = PBXBuildFile; fileRef = 6B04F4BE25CB3CF500160279 /* SceneDelegate.swift */; };
		6B04F4C125CB3CF500160279 /* ViewController.swift in Sources */ = {isa = PBXBuildFile; fileRef = 6B04F4C025CB3CF500160279 /* ViewController.swift */; };
		6B04F4C425CB3CF500160279 /* Main.storyboard in Resources */ = {isa = PBXBuildFile; fileRef = 6B04F4C225CB3CF500160279 /* Main.storyboard */; };
		6B04F4C625CB3CF800160279 /* Assets.xcassets in Resources */ = {isa = PBXBuildFile; fileRef = 6B04F4C525CB3CF800160279 /* Assets.xcassets */; };
		6B04F4C925CB3CF800160279 /* LaunchScreen.storyboard in Resources */ = {isa = PBXBuildFile; fileRef = 6B04F4C725CB3CF800160279 /* LaunchScreen.storyboard */; };
		6B04F4D425CB3CF800160279 /* flixterTests.swift in Sources */ = {isa = PBXBuildFile; fileRef = 6B04F4D325CB3CF800160279 /* flixterTests.swift */; };
		6B04F4DF25CB3CF800160279 /* flixterUITests.swift in Sources */ = {isa = PBXBuildFile; fileRef = 6B04F4DE25CB3CF800160279 /* flixterUITests.swift */; };
/* End PBXBuildFile section */

/* Begin PBXContainerItemProxy section */
		6B04F4D025CB3CF800160279 /* PBXContainerItemProxy */ = {
			isa = PBXContainerItemProxy;
			containerPortal = 6B04F4B125CB3CF500160279 /* Project object */;
			proxyType = 1;
			remoteGlobalIDString = 6B04F4B825CB3CF500160279;
			remoteInfo = flixter;
		};
		6B04F4DB25CB3CF800160279 /* PBXContainerItemProxy */ = {
			isa = PBXContainerItemProxy;
			containerPortal = 6B04F4B125CB3CF500160279 /* Project object */;
			proxyType = 1;
			remoteGlobalIDString = 6B04F4B825CB3CF500160279;
			remoteInfo = flixter;
		};
/* End PBXContainerItemProxy section */

/* Begin PBXFileReference section */
		6B04F4B925CB3CF500160279 /* flixter.app */ = {isa = PBXFileReference; explicitFileType = wrapper.application; includeInIndex = 0; path = flixter.app; sourceTree = BUILT_PRODUCTS_DIR; };
		6B04F4BC25CB3CF500160279 /* AppDelegate.swift */ = {isa = PBXFileReference; lastKnownFileType = sourcecode.swift; path = AppDelegate.swift; sourceTree = "<group>"; };
		6B04F4BE25CB3CF500160279 /* SceneDelegate.swift */ = {isa = PBXFileReference; lastKnownFileType = sourcecode.swift; path = SceneDelegate.swift; sourceTree = "<group>"; };
		6B04F4C025CB3CF500160279 /* ViewController.swift */ = {isa = PBXFileReference; lastKnownFileType = sourcecode.swift; path = ViewController.swift; sourceTree = "<group>"; };
		6B04F4C325CB3CF500160279 /* Base */ = {isa = PBXFileReference; lastKnownFileType = file.storyboard; name = Base; path = Base.lproj/Main.storyboard; sourceTree = "<group>"; };
		6B04F4C525CB3CF800160279 /* Assets.xcassets */ = {isa = PBXFileReference; lastKnownFileType = folder.assetcatalog; path = Assets.xcassets; sourceTree = "<group>"; };
		6B04F4C825CB3CF800160279 /* Base */ = {isa = PBXFileReference; lastKnownFileType = file.storyboard; name = Base; path = Base.lproj/LaunchScreen.storyboard; sourceTree = "<group>"; };
		6B04F4CA25CB3CF800160279 /* Info.plist */ = {isa = PBXFileReference; lastKnownFileType = text.plist.xml; path = Info.plist; sourceTree = "<group>"; };
		6B04F4CF25CB3CF800160279 /* flixterTests.xctest */ = {isa = PBXFileReference; explicitFileType = wrapper.cfbundle; includeInIndex = 0; path = flixterTests.xctest; sourceTree = BUILT_PRODUCTS_DIR; };
		6B04F4D325CB3CF800160279 /* flixterTests.swift */ = {isa = PBXFileReference; lastKnownFileType = sourcecode.swift; path = flixterTests.swift; sourceTree = "<group>"; };
		6B04F4D525CB3CF800160279 /* Info.plist */ = {isa = PBXFileReference; lastKnownFileType = text.plist.xml; path = Info.plist; sourceTree = "<group>"; };
		6B04F4DA25CB3CF800160279 /* flixterUITests.xctest */ = {isa = PBXFileReference; explicitFileType = wrapper.cfbundle; includeInIndex = 0; path = flixterUITests.xctest; sourceTree = BUILT_PRODUCTS_DIR; };
		6B04F4DE25CB3CF800160279 /* flixterUITests.swift */ = {isa = PBXFileReference; lastKnownFileType = sourcecode.swift; path = flixterUITests.swift; sourceTree = "<group>"; };
		6B04F4E025CB3CF800160279 /* Info.plist */ = {isa = PBXFileReference; lastKnownFileType = text.plist.xml; path = Info.plist; sourceTree = "<group>"; };
/* End PBXFileReference section */

/* Begin PBXFrameworksBuildPhase section */
		6B04F4B625CB3CF500160279 /* Frameworks */ = {
			isa = PBXFrameworksBuildPhase;
			buildActionMask = 2147483647;
			files = (
			);
			runOnlyForDeploymentPostprocessing = 0;
		};
		6B04F4CC25CB3CF800160279 /* Frameworks */ = {
			isa = PBXFrameworksBuildPhase;
			buildActionMask = 2147483647;
			files = (
			);
			runOnlyForDeploymentPostprocessing = 0;
		};
		6B04F4D725CB3CF800160279 /* Frameworks */ = {
			isa = PBXFrameworksBuildPhase;
			buildActionMask = 2147483647;
			files = (
			);
			runOnlyForDeploymentPostprocessing = 0;
		};
/* End PBXFrameworksBuildPhase section */

/* Begin PBXGroup section */
		6B04F4B025CB3CF500160279 = {
			isa = PBXGroup;
			children = (
				6B04F4BB25CB3CF500160279 /* flixter */,
				6B04F4D225CB3CF800160279 /* flixterTests */,
				6B04F4DD25CB3CF800160279 /* flixterUITests */,
				6B04F4BA25CB3CF500160279 /* Products */,
			);
			sourceTree = "<group>";
		};
		6B04F4BA25CB3CF500160279 /* Products */ = {
			isa = PBXGroup;
			children = (
				6B04F4B925CB3CF500160279 /* flixter.app */,
				6B04F4CF25CB3CF800160279 /* flixterTests.xctest */,
				6B04F4DA25CB3CF800160279 /* flixterUITests.xctest */,
			);
			name = Products;
			sourceTree = "<group>";
		};
		6B04F4BB25CB3CF500160279 /* flixter */ = {
			isa = PBXGroup;
			children = (
				6B04F4BC25CB3CF500160279 /* AppDelegate.swift */,
				6B04F4BE25CB3CF500160279 /* SceneDelegate.swift */,
				6B04F4C025CB3CF500160279 /* ViewController.swift */,
				6B04F4C225CB3CF500160279 /* Main.storyboard */,
				6B04F4C525CB3CF800160279 /* Assets.xcassets */,
				6B04F4C725CB3CF800160279 /* LaunchScreen.storyboard */,
				6B04F4CA25CB3CF800160279 /* Info.plist */,
			);
			path = flixter;
			sourceTree = "<group>";
		};
		6B04F4D225CB3CF800160279 /* flixterTests */ = {
			isa = PBXGroup;
			children = (
				6B04F4D325CB3CF800160279 /* flixterTests.swift */,
				6B04F4D525CB3CF800160279 /* Info.plist */,
			);
			path = flixterTests;
			sourceTree = "<group>";
		};
		6B04F4DD25CB3CF800160279 /* flixterUITests */ = {
			isa = PBXGroup;
			children = (
				6B04F4DE25CB3CF800160279 /* flixterUITests.swift */,
				6B04F4E025CB3CF800160279 /* Info.plist */,
			);
			path = flixterUITests;
			sourceTree = "<group>";
		};
/* End PBXGroup section */

/* Begin PBXNativeTarget section */
		6B04F4B825CB3CF500160279 /* flixter */ = {
			isa = PBXNativeTarget;
			buildConfigurationList = 6B04F4E325CB3CF800160279 /* Build configuration list for PBXNativeTarget "flixter" */;
			buildPhases = (
				6B04F4B525CB3CF500160279 /* Sources */,
				6B04F4B625CB3CF500160279 /* Frameworks */,
				6B04F4B725CB3CF500160279 /* Resources */,
			);
			buildRules = (
			);
			dependencies = (
			);
			name = flixter;
			productName = flixter;
			productReference = 6B04F4B925CB3CF500160279 /* flixter.app */;
			productType = "com.apple.product-type.application";
		};
		6B04F4CE25CB3CF800160279 /* flixterTests */ = {
			isa = PBXNativeTarget;
			buildConfigurationList = 6B04F4E625CB3CF800160279 /* Build configuration list for PBXNativeTarget "flixterTests" */;
			buildPhases = (
				6B04F4CB25CB3CF800160279 /* Sources */,
				6B04F4CC25CB3CF800160279 /* Frameworks */,
				6B04F4CD25CB3CF800160279 /* Resources */,
			);
			buildRules = (
			);
			dependencies = (
				6B04F4D125CB3CF800160279 /* PBXTargetDependency */,
			);
			name = flixterTests;
			productName = flixterTests;
			productReference = 6B04F4CF25CB3CF800160279 /* flixterTests.xctest */;
			productType = "com.apple.product-type.bundle.unit-test";
		};
		6B04F4D925CB3CF800160279 /* flixterUITests */ = {
			isa = PBXNativeTarget;
			buildConfigurationList = 6B04F4E925CB3CF800160279 /* Build configuration list for PBXNativeTarget "flixterUITests" */;
			buildPhases = (
				6B04F4D625CB3CF800160279 /* Sources */,
				6B04F4D725CB3CF800160279 /* Frameworks */,
				6B04F4D825CB3CF800160279 /* Resources */,
			);
			buildRules = (
			);
			dependencies = (
				6B04F4DC25CB3CF800160279 /* PBXTargetDependency */,
			);
			name = flixterUITests;
			productName = flixterUITests;
			productReference = 6B04F4DA25CB3CF800160279 /* flixterUITests.xctest */;
			productType = "com.apple.product-type.bundle.ui-testing";
		};
/* End PBXNativeTarget section */

/* Begin PBXProject section */
		6B04F4B125CB3CF500160279 /* Project object */ = {
			isa = PBXProject;
			attributes = {
				LastSwiftUpdateCheck = 1230;
				LastUpgradeCheck = 1230;
				TargetAttributes = {
					6B04F4B825CB3CF500160279 = {
						CreatedOnToolsVersion = 12.3;
					};
					6B04F4CE25CB3CF800160279 = {
						CreatedOnToolsVersion = 12.3;
						TestTargetID = 6B04F4B825CB3CF500160279;
					};
					6B04F4D925CB3CF800160279 = {
						CreatedOnToolsVersion = 12.3;
						TestTargetID = 6B04F4B825CB3CF500160279;
					};
				};
			};
			buildConfigurationList = 6B04F4B425CB3CF500160279 /* Build configuration list for PBXProject "flixter" */;
			compatibilityVersion = "Xcode 9.3";
			developmentRegion = en;
			hasScannedForEncodings = 0;
			knownRegions = (
				en,
				Base,
			);
			mainGroup = 6B04F4B025CB3CF500160279;
			productRefGroup = 6B04F4BA25CB3CF500160279 /* Products */;
			projectDirPath = "";
			projectRoot = "";
			targets = (
				6B04F4B825CB3CF500160279 /* flixter */,
				6B04F4CE25CB3CF800160279 /* flixterTests */,
				6B04F4D925CB3CF800160279 /* flixterUITests */,
			);
		};
/* End PBXProject section */

/* Begin PBXResourcesBuildPhase section */
		6B04F4B725CB3CF500160279 /* Resources */ = {
			isa = PBXResourcesBuildPhase;
			buildActionMask = 2147483647;
			files = (
				6B04F4C925CB3CF800160279 /* LaunchScreen.storyboard in Resources */,
				6B04F4C625CB3CF800160279 /* Assets.xcassets in Resources */,
				6B04F4C425CB3CF500160279 /* Main.storyboard in Resources */,
			);
			runOnlyForDeploymentPostprocessing = 0;
		};
		6B04F4CD25CB3CF800160279 /* Resources */ = {
			isa = PBXResourcesBuildPhase;
			buildActionMask = 2147483647;
			files = (
			);
			runOnlyForDeploymentPostprocessing = 0;
		};
		6B04F4D825CB3CF800160279 /* Resources */ = {
			isa = PBXResourcesBuildPhase;
			buildActionMask = 2147483647;
			files = (
			);
			runOnlyForDeploymentPostprocessing = 0;
		};
/* End PBXResourcesBuildPhase section */

/* Begin PBXSourcesBuildPhase section */
		6B04F4B525CB3CF500160279 /* Sources */ = {
			isa = PBXSourcesBuildPhase;
			buildActionMask = 2147483647;
			files = (
				6B04F4C125CB3CF500160279 /* ViewController.swift in Sources */,
				6B04F4BD25CB3CF500160279 /* AppDelegate.swift in Sources */,
				6B04F4BF25CB3CF500160279 /* SceneDelegate.swift in Sources */,
			);
			runOnlyForDeploymentPostprocessing = 0;
		};
		6B04F4CB25CB3CF800160279 /* Sources */ = {
			isa = PBXSourcesBuildPhase;
			buildActionMask = 2147483647;
			files = (
				6B04F4D425CB3CF800160279 /* flixterTests.swift in Sources */,
			);
			runOnlyForDeploymentPostprocessing = 0;
		};
		6B04F4D625CB3CF800160279 /* Sources */ = {
			isa = PBXSourcesBuildPhase;
			buildActionMask = 2147483647;
			files = (
				6B04F4DF25CB3CF800160279 /* flixterUITests.swift in Sources */,
			);
			runOnlyForDeploymentPostprocessing = 0;
		};
/* End PBXSourcesBuildPhase section */

/* Begin PBXTargetDependency section */
		6B04F4D125CB3CF800160279 /* PBXTargetDependency */ = {
			isa = PBXTargetDependency;
			target = 6B04F4B825CB3CF500160279 /* flixter */;
			targetProxy = 6B04F4D025CB3CF800160279 /* PBXContainerItemProxy */;
		};
		6B04F4DC25CB3CF800160279 /* PBXTargetDependency */ = {
			isa = PBXTargetDependency;
			target = 6B04F4B825CB3CF500160279 /* flixter */;
			targetProxy = 6B04F4DB25CB3CF800160279 /* PBXContainerItemProxy */;
		};
/* End PBXTargetDependency section */

/* Begin PBXVariantGroup section */
		6B04F4C225CB3CF500160279 /* Main.storyboard */ = {
			isa = PBXVariantGroup;
			children = (
				6B04F4C325CB3CF500160279 /* Base */,
			);
			name = Main.storyboard;
			sourceTree = "<group>";
		};
		6B04F4C725CB3CF800160279 /* LaunchScreen.storyboard */ = {
			isa = PBXVariantGroup;
			children = (
				6B04F4C825CB3CF800160279 /* Base */,
			);
			name = LaunchScreen.storyboard;
			sourceTree = "<group>";
		};
/* End PBXVariantGroup section */

/* Begin XCBuildConfiguration section */
		6B04F4E125CB3CF800160279 /* Debug */ = {
			isa = XCBuildConfiguration;
			buildSettings = {
				ALWAYS_SEARCH_USER_PATHS = NO;
				CLANG_ANALYZER_NONNULL = YES;
				CLANG_ANALYZER_NUMBER_OBJECT_CONVERSION = YES_AGGRESSIVE;
				CLANG_CXX_LANGUAGE_STANDARD = "gnu++14";
				CLANG_CXX_LIBRARY = "libc++";
				CLANG_ENABLE_MODULES = YES;
				CLANG_ENABLE_OBJC_ARC = YES;
				CLANG_ENABLE_OBJC_WEAK = YES;
				CLANG_WARN_BLOCK_CAPTURE_AUTORELEASING = YES;
				CLANG_WARN_BOOL_CONVERSION = YES;
				CLANG_WARN_COMMA = YES;
				CLANG_WARN_CONSTANT_CONVERSION = YES;
				CLANG_WARN_DEPRECATED_OBJC_IMPLEMENTATIONS = YES;
				CLANG_WARN_DIRECT_OBJC_ISA_USAGE = YES_ERROR;
				CLANG_WARN_DOCUMENTATION_COMMENTS = YES;
				CLANG_WARN_EMPTY_BODY = YES;
				CLANG_WARN_ENUM_CONVERSION = YES;
				CLANG_WARN_INFINITE_RECURSION = YES;
				CLANG_WARN_INT_CONVERSION = YES;
				CLANG_WARN_NON_LITERAL_NULL_CONVERSION = YES;
				CLANG_WARN_OBJC_IMPLICIT_RETAIN_SELF = YES;
				CLANG_WARN_OBJC_LITERAL_CONVERSION = YES;
				CLANG_WARN_OBJC_ROOT_CLASS = YES_ERROR;
				CLANG_WARN_QUOTED_INCLUDE_IN_FRAMEWORK_HEADER = YES;
				CLANG_WARN_RANGE_LOOP_ANALYSIS = YES;
				CLANG_WARN_STRICT_PROTOTYPES = YES;
				CLANG_WARN_SUSPICIOUS_MOVE = YES;
				CLANG_WARN_UNGUARDED_AVAILABILITY = YES_AGGRESSIVE;
				CLANG_WARN_UNREACHABLE_CODE = YES;
				CLANG_WARN__DUPLICATE_METHOD_MATCH = YES;
				COPY_PHASE_STRIP = NO;
				DEBUG_INFORMATION_FORMAT = dwarf;
				ENABLE_STRICT_OBJC_MSGSEND = YES;
				ENABLE_TESTABILITY = YES;
				GCC_C_LANGUAGE_STANDARD = gnu11;
				GCC_DYNAMIC_NO_PIC = NO;
				GCC_NO_COMMON_BLOCKS = YES;
				GCC_OPTIMIZATION_LEVEL = 0;
				GCC_PREPROCESSOR_DEFINITIONS = (
					"DEBUG=1",
					"$(inherited)",
				);
				GCC_WARN_64_TO_32_BIT_CONVERSION = YES;
				GCC_WARN_ABOUT_RETURN_TYPE = YES_ERROR;
				GCC_WARN_UNDECLARED_SELECTOR = YES;
				GCC_WARN_UNINITIALIZED_AUTOS = YES_AGGRESSIVE;
				GCC_WARN_UNUSED_FUNCTION = YES;
				GCC_WARN_UNUSED_VARIABLE = YES;
				IPHONEOS_DEPLOYMENT_TARGET = 14.3;
				MTL_ENABLE_DEBUG_INFO = INCLUDE_SOURCE;
				MTL_FAST_MATH = YES;
				ONLY_ACTIVE_ARCH = YES;
				SDKROOT = iphoneos;
				SWIFT_ACTIVE_COMPILATION_CONDITIONS = DEBUG;
				SWIFT_OPTIMIZATION_LEVEL = "-Onone";
			};
			name = Debug;
		};
		6B04F4E225CB3CF800160279 /* Release */ = {
			isa = XCBuildConfiguration;
			buildSettings = {
				ALWAYS_SEARCH_USER_PATHS = NO;
				CLANG_ANALYZER_NONNULL = YES;
				CLANG_ANALYZER_NUMBER_OBJECT_CONVERSION = YES_AGGRESSIVE;
				CLANG_CXX_LANGUAGE_STANDARD = "gnu++14";
				CLANG_CXX_LIBRARY = "libc++";
				CLANG_ENABLE_MODULES = YES;
				CLANG_ENABLE_OBJC_ARC = YES;
				CLANG_ENABLE_OBJC_WEAK = YES;
				CLANG_WARN_BLOCK_CAPTURE_AUTORELEASING = YES;
				CLANG_WARN_BOOL_CONVERSION = YES;
				CLANG_WARN_COMMA = YES;
				CLANG_WARN_CONSTANT_CONVERSION = YES;
				CLANG_WARN_DEPRECATED_OBJC_IMPLEMENTATIONS = YES;
				CLANG_WARN_DIRECT_OBJC_ISA_USAGE = YES_ERROR;
				CLANG_WARN_DOCUMENTATION_COMMENTS = YES;
				CLANG_WARN_EMPTY_BODY = YES;
				CLANG_WARN_ENUM_CONVERSION = YES;
				CLANG_WARN_INFINITE_RECURSION = YES;
				CLANG_WARN_INT_CONVERSION = YES;
				CLANG_WARN_NON_LITERAL_NULL_CONVERSION = YES;
				CLANG_WARN_OBJC_IMPLICIT_RETAIN_SELF = YES;
				CLANG_WARN_OBJC_LITERAL_CONVERSION = YES;
				CLANG_WARN_OBJC_ROOT_CLASS = YES_ERROR;
				CLANG_WARN_QUOTED_INCLUDE_IN_FRAMEWORK_HEADER = YES;
				CLANG_WARN_RANGE_LOOP_ANALYSIS = YES;
				CLANG_WARN_STRICT_PROTOTYPES = YES;
				CLANG_WARN_SUSPICIOUS_MOVE = YES;
				CLANG_WARN_UNGUARDED_AVAILABILITY = YES_AGGRESSIVE;
				CLANG_WARN_UNREACHABLE_CODE = YES;
				CLANG_WARN__DUPLICATE_METHOD_MATCH = YES;
				COPY_PHASE_STRIP = NO;
				DEBUG_INFORMATION_FORMAT = "dwarf-with-dsym";
				ENABLE_NS_ASSERTIONS = NO;
				ENABLE_STRICT_OBJC_MSGSEND = YES;
				GCC_C_LANGUAGE_STANDARD = gnu11;
				GCC_NO_COMMON_BLOCKS = YES;
				GCC_WARN_64_TO_32_BIT_CONVERSION = YES;
				GCC_WARN_ABOUT_RETURN_TYPE = YES_ERROR;
				GCC_WARN_UNDECLARED_SELECTOR = YES;
				GCC_WARN_UNINITIALIZED_AUTOS = YES_AGGRESSIVE;
				GCC_WARN_UNUSED_FUNCTION = YES;
				GCC_WARN_UNUSED_VARIABLE = YES;
				IPHONEOS_DEPLOYMENT_TARGET = 14.3;
				MTL_ENABLE_DEBUG_INFO = NO;
				MTL_FAST_MATH = YES;
				SDKROOT = iphoneos;
				SWIFT_COMPILATION_MODE = wholemodule;
				SWIFT_OPTIMIZATION_LEVEL = "-O";
				VALIDATE_PRODUCT = YES;
			};
			name = Release;
		};
		6B04F4E425CB3CF800160279 /* Debug */ = {
			isa = XCBuildConfiguration;
			buildSettings = {
				ASSETCATALOG_COMPILER_APPICON_NAME = AppIcon;
				ASSETCATALOG_COMPILER_GLOBAL_ACCENT_COLOR_NAME = AccentColor;
				CODE_SIGN_STYLE = Automatic;
				DEVELOPMENT_TEAM = 9SQZ7ZU2N6;
				INFOPLIST_FILE = flixter/Info.plist;
				LD_RUNPATH_SEARCH_PATHS = (
					"$(inherited)",
					"@executable_path/Frameworks",
				);
				PRODUCT_BUNDLE_IDENTIFIER = edu.siliezaraxel.flixter;
				PRODUCT_NAME = "$(TARGET_NAME)";
				SWIFT_VERSION = 5.0;
				TARGETED_DEVICE_FAMILY = "1,2";
			};
			name = Debug;
		};
		6B04F4E525CB3CF800160279 /* Release */ = {
			isa = XCBuildConfiguration;
			buildSettings = {
				ASSETCATALOG_COMPILER_APPICON_NAME = AppIcon;
				ASSETCATALOG_COMPILER_GLOBAL_ACCENT_COLOR_NAME = AccentColor;
				CODE_SIGN_STYLE = Automatic;
				DEVELOPMENT_TEAM = 9SQZ7ZU2N6;
				INFOPLIST_FILE = flixter/Info.plist;
				LD_RUNPATH_SEARCH_PATHS = (
					"$(inherited)",
					"@executable_path/Frameworks",
				);
				PRODUCT_BUNDLE_IDENTIFIER = edu.siliezaraxel.flixter;
				PRODUCT_NAME = "$(TARGET_NAME)";
				SWIFT_VERSION = 5.0;
				TARGETED_DEVICE_FAMILY = "1,2";
			};
			name = Release;
		};
		6B04F4E725CB3CF800160279 /* Debug */ = {
			isa = XCBuildConfiguration;
			buildSettings = {
				ALWAYS_EMBED_SWIFT_STANDARD_LIBRARIES = YES;
				BUNDLE_LOADER = "$(TEST_HOST)";
				CODE_SIGN_STYLE = Automatic;
				DEVELOPMENT_TEAM = 9SQZ7ZU2N6;
				INFOPLIST_FILE = flixterTests/Info.plist;
				IPHONEOS_DEPLOYMENT_TARGET = 14.3;
				LD_RUNPATH_SEARCH_PATHS = (
					"$(inherited)",
					"@executable_path/Frameworks",
					"@loader_path/Frameworks",
				);
				PRODUCT_BUNDLE_IDENTIFIER = edu.siliezaraxel.flixterTests;
				PRODUCT_NAME = "$(TARGET_NAME)";
				SWIFT_VERSION = 5.0;
				TARGETED_DEVICE_FAMILY = "1,2";
				TEST_HOST = "$(BUILT_PRODUCTS_DIR)/flixter.app/flixter";
			};
			name = Debug;
		};
		6B04F4E825CB3CF800160279 /* Release */ = {
			isa = XCBuildConfiguration;
			buildSettings = {
				ALWAYS_EMBED_SWIFT_STANDARD_LIBRARIES = YES;
				BUNDLE_LOADER = "$(TEST_HOST)";
				CODE_SIGN_STYLE = Automatic;
				DEVELOPMENT_TEAM = 9SQZ7ZU2N6;
				INFOPLIST_FILE = flixterTests/Info.plist;
				IPHONEOS_DEPLOYMENT_TARGET = 14.3;
				LD_RUNPATH_SEARCH_PATHS = (
					"$(inherited)",
					"@executable_path/Frameworks",
					"@loader_path/Frameworks",
				);
				PRODUCT_BUNDLE_IDENTIFIER = edu.siliezaraxel.flixterTests;
				PRODUCT_NAME = "$(TARGET_NAME)";
				SWIFT_VERSION = 5.0;
				TARGETED_DEVICE_FAMILY = "1,2";
				TEST_HOST = "$(BUILT_PRODUCTS_DIR)/flixter.app/flixter";
			};
			name = Release;
		};
		6B04F4EA25CB3CF800160279 /* Debug */ = {
			isa = XCBuildConfiguration;
			buildSettings = {
				ALWAYS_EMBED_SWIFT_STANDARD_LIBRARIES = YES;
				CODE_SIGN_STYLE = Automatic;
				DEVELOPMENT_TEAM = 9SQZ7ZU2N6;
				INFOPLIST_FILE = flixterUITests/Info.plist;
				LD_RUNPATH_SEARCH_PATHS = (
					"$(inherited)",
					"@executable_path/Frameworks",
					"@loader_path/Frameworks",
				);
				PRODUCT_BUNDLE_IDENTIFIER = edu.siliezaraxel.flixterUITests;
				PRODUCT_NAME = "$(TARGET_NAME)";
				SWIFT_VERSION = 5.0;
				TARGETED_DEVICE_FAMILY = "1,2";
				TEST_TARGET_NAME = flixter;
			};
			name = Debug;
		};
		6B04F4EB25CB3CF800160279 /* Release */ = {
			isa = XCBuildConfiguration;
			buildSettings = {
				ALWAYS_EMBED_SWIFT_STANDARD_LIBRARIES = YES;
				CODE_SIGN_STYLE = Automatic;
				DEVELOPMENT_TEAM = 9SQZ7ZU2N6;
				INFOPLIST_FILE = flixterUITests/Info.plist;
				LD_RUNPATH_SEARCH_PATHS = (
					"$(inherited)",
					"@executable_path/Frameworks",
					"@loader_path/Frameworks",
				);
				PRODUCT_BUNDLE_IDENTIFIER = edu.siliezaraxel.flixterUITests;
				PRODUCT_NAME = "$(TARGET_NAME)";
				SWIFT_VERSION = 5.0;
				TARGETED_DEVICE_FAMILY = "1,2";
				TEST_TARGET_NAME = flixter;
			};
			name = Release;
		};
/* End XCBuildConfiguration section */

/* Begin XCConfigurationList section */
		6B04F4B425CB3CF500160279 /* Build configuration list for PBXProject "flixter" */ = {
			isa = XCConfigurationList;
			buildConfigurations = (
				6B04F4E125CB3CF800160279 /* Debug */,
				6B04F4E225CB3CF800160279 /* Release */,
			);
			defaultConfigurationIsVisible = 0;
			defaultConfigurationName = Release;
		};
		6B04F4E325CB3CF800160279 /* Build configuration list for PBXNativeTarget "flixter" */ = {
			isa = XCConfigurationList;
			buildConfigurations = (
				6B04F4E425CB3CF800160279 /* Debug */,
				6B04F4E525CB3CF800160279 /* Release */,
			);
			defaultConfigurationIsVisible = 0;
			defaultConfigurationName = Release;
		};
		6B04F4E625CB3CF800160279 /* Build configuration list for PBXNativeTarget "flixterTests" */ = {
			isa = XCConfigurationList;
			buildConfigurations = (
				6B04F4E725CB3CF800160279 /* Debug */,
				6B04F4E825CB3CF800160279 /* Release */,
			);
			defaultConfigurationIsVisible = 0;
			defaultConfigurationName = Release;
		};
		6B04F4E925CB3CF800160279 /* Build configuration list for PBXNativeTarget "flixterUITests" */ = {
			isa = XCConfigurationList;
			buildConfigurations = (
				6B04F4EA25CB3CF800160279 /* Debug */,
				6B04F4EB25CB3CF800160279 /* Release */,
			);
			defaultConfigurationIsVisible = 0;
			defaultConfigurationName = Release;
		};
/* End XCConfigurationList section */
	};
	rootObject = 6B04F4B125CB3CF500160279 /* Project object */;
}
